// !$*UTF8*$!
{
	archiveVersion = 1;
	classes = {
	};
	objectVersion = 51;
	objects = {

/* Begin PBXBuildFile section */
		891B1271253870B8001CBE68 /* ParticipantsCollectionViewCell.swift in Sources */ = {isa = PBXBuildFile; fileRef = 891B1270253870B7001CBE68 /* ParticipantsCollectionViewCell.swift */; };
		891B15E3256BDEFC00889A60 /* MeetingViewController.swift in Sources */ = {isa = PBXBuildFile; fileRef = 891B15E2256BDEFC00889A60 /* MeetingViewController.swift */; };
		891B15E6256BDF8F00889A60 /* GeneralTableViewCell.swift in Sources */ = {isa = PBXBuildFile; fileRef = 891B15E5256BDF8F00889A60 /* GeneralTableViewCell.swift */; };
		893647A92541712600CD9CE3 /* Assets.xcassets in Resources */ = {isa = PBXBuildFile; fileRef = 893647522541712400CD9CE3 /* Assets.xcassets */; };
		893647AA2541712600CD9CE3 /* MSGMessengerViewController + Helpers.swift in Sources */ = {isa = PBXBuildFile; fileRef = 893647542541712400CD9CE3 /* MSGMessengerViewController + Helpers.swift */; };
		893647AB2541712600CD9CE3 /* MSGMessengerView.swift in Sources */ = {isa = PBXBuildFile; fileRef = 893647552541712400CD9CE3 /* MSGMessengerView.swift */; };
		893647AC2541712600CD9CE3 /* MSGMessengerViewController + CellDelegate.swift in Sources */ = {isa = PBXBuildFile; fileRef = 893647562541712400CD9CE3 /* MSGMessengerViewController + CellDelegate.swift */; };
		893647AD2541712600CD9CE3 /* MSGMessengerViewController + DataSource.swift in Sources */ = {isa = PBXBuildFile; fileRef = 893647572541712400CD9CE3 /* MSGMessengerViewController + DataSource.swift */; };
		893647AE2541712600CD9CE3 /* MSGMessengerView.xib in Resources */ = {isa = PBXBuildFile; fileRef = 893647582541712400CD9CE3 /* MSGMessengerView.xib */; };
		893647AF2541712600CD9CE3 /* MSGMessengerViewController.swift in Sources */ = {isa = PBXBuildFile; fileRef = 893647592541712400CD9CE3 /* MSGMessengerViewController.swift */; };
		893647B02541712600CD9CE3 /* MSGTravOutgoingBubble.swift in Sources */ = {isa = PBXBuildFile; fileRef = 8936475C2541712400CD9CE3 /* MSGTravOutgoingBubble.swift */; };
		893647B12541712600CD9CE3 /* MSGTravIncomingBubble.swift in Sources */ = {isa = PBXBuildFile; fileRef = 8936475D2541712400CD9CE3 /* MSGTravIncomingBubble.swift */; };
		893647B22541712600CD9CE3 /* MSGTailIncomingBubble.swift in Sources */ = {isa = PBXBuildFile; fileRef = 8936475F2541712400CD9CE3 /* MSGTailIncomingBubble.swift */; };
		893647B32541712700CD9CE3 /* MSGTailOutgoingBubble.swift in Sources */ = {isa = PBXBuildFile; fileRef = 893647602541712400CD9CE3 /* MSGTailOutgoingBubble.swift */; };
		893647B42541712700CD9CE3 /* MessengerKit.swift in Sources */ = {isa = PBXBuildFile; fileRef = 893647612541712400CD9CE3 /* MessengerKit.swift */; };
		893647B52541712700CD9CE3 /* MSGMessageBody.swift in Sources */ = {isa = PBXBuildFile; fileRef = 893647632541712500CD9CE3 /* MSGMessageBody.swift */; };
		893647B62541712700CD9CE3 /* MSGMessage.swift in Sources */ = {isa = PBXBuildFile; fileRef = 893647642541712500CD9CE3 /* MSGMessage.swift */; };
		893647B72541712700CD9CE3 /* MSGUser.swift in Sources */ = {isa = PBXBuildFile; fileRef = 893647652541712500CD9CE3 /* MSGUser.swift */; };
		893647B82541712700CD9CE3 /* MSGInputSeparatorView.swift in Sources */ = {isa = PBXBuildFile; fileRef = 893647692541712500CD9CE3 /* MSGInputSeparatorView.swift */; };
		893647B92541712700CD9CE3 /* MSGTravInputView.swift in Sources */ = {isa = PBXBuildFile; fileRef = 8936476A2541712500CD9CE3 /* MSGTravInputView.swift */; };
		893647BA2541712700CD9CE3 /* MSGImessageSendButton.swift in Sources */ = {isa = PBXBuildFile; fileRef = 8936476C2541712500CD9CE3 /* MSGImessageSendButton.swift */; };
		893647BB2541712700CD9CE3 /* MSGImessageInputView.xib in Resources */ = {isa = PBXBuildFile; fileRef = 8936476D2541712500CD9CE3 /* MSGImessageInputView.xib */; };
		893647BC2541712700CD9CE3 /* MSGImessageInputView.swift in Sources */ = {isa = PBXBuildFile; fileRef = 8936476E2541712500CD9CE3 /* MSGImessageInputView.swift */; };
		893647BD2541712700CD9CE3 /* MSGPlaceholderTextView.swift in Sources */ = {isa = PBXBuildFile; fileRef = 8936476F2541712500CD9CE3 /* MSGPlaceholderTextView.swift */; };
		893647BE2541712700CD9CE3 /* MSGInputView.swift in Sources */ = {isa = PBXBuildFile; fileRef = 893647702541712500CD9CE3 /* MSGInputView.swift */; };
		893647BF2541712700CD9CE3 /* MSGSectionReusableViewDelegate.swift in Sources */ = {isa = PBXBuildFile; fileRef = 893647732541712600CD9CE3 /* MSGSectionReusableViewDelegate.swift */; };
		893647C02541712700CD9CE3 /* MSGTravIncomingCollectionViewSectionHeader.xib in Resources */ = {isa = PBXBuildFile; fileRef = 893647752541712600CD9CE3 /* MSGTravIncomingCollectionViewSectionHeader.xib */; };
		893647C12541712700CD9CE3 /* MSGTravCollectionViewSectionHeader.swift in Sources */ = {isa = PBXBuildFile; fileRef = 893647762541712600CD9CE3 /* MSGTravCollectionViewSectionHeader.swift */; };
		893647C22541712700CD9CE3 /* MSGTravIncomingCollectionViewSectionFooter.xib in Resources */ = {isa = PBXBuildFile; fileRef = 893647772541712600CD9CE3 /* MSGTravIncomingCollectionViewSectionFooter.xib */; };
		893647C32541712700CD9CE3 /* MSGTravCollectionViewSectionFooter.swift in Sources */ = {isa = PBXBuildFile; fileRef = 893647782541712600CD9CE3 /* MSGTravCollectionViewSectionFooter.swift */; };
		893647C42541712700CD9CE3 /* MSGTravOutgoingCollectionViewSectionFooter.xib in Resources */ = {isa = PBXBuildFile; fileRef = 893647792541712600CD9CE3 /* MSGTravOutgoingCollectionViewSectionFooter.xib */; };
		893647C52541712700CD9CE3 /* MSGTravOutgoingCollectionViewSectionHeader.xib in Resources */ = {isa = PBXBuildFile; fileRef = 8936477A2541712600CD9CE3 /* MSGTravOutgoingCollectionViewSectionHeader.xib */; };
		893647C62541712700CD9CE3 /* MSGSectionReusableView.swift in Sources */ = {isa = PBXBuildFile; fileRef = 8936477B2541712600CD9CE3 /* MSGSectionReusableView.swift */; };
		893647C72541712700CD9CE3 /* MSGImessageIncomingFooterView.xib in Resources */ = {isa = PBXBuildFile; fileRef = 8936477D2541712600CD9CE3 /* MSGImessageIncomingFooterView.xib */; };
		893647C82541712700CD9CE3 /* MSGImessageFooterView.swift in Sources */ = {isa = PBXBuildFile; fileRef = 8936477E2541712600CD9CE3 /* MSGImessageFooterView.swift */; };
		893647C92541712700CD9CE3 /* MSGImessageOutgoingHeaderView.xib in Resources */ = {isa = PBXBuildFile; fileRef = 8936477F2541712600CD9CE3 /* MSGImessageOutgoingHeaderView.xib */; };
		893647CA2541712700CD9CE3 /* MSGImessageIncomingHeaderView.xib in Resources */ = {isa = PBXBuildFile; fileRef = 893647802541712600CD9CE3 /* MSGImessageIncomingHeaderView.xib */; };
		893647CB2541712700CD9CE3 /* MSGImessageOutgoingFooterView.xib in Resources */ = {isa = PBXBuildFile; fileRef = 893647812541712600CD9CE3 /* MSGImessageOutgoingFooterView.xib */; };
		893647CC2541712700CD9CE3 /* MSGImessageHeaderView.swift in Sources */ = {isa = PBXBuildFile; fileRef = 893647822541712600CD9CE3 /* MSGImessageHeaderView.swift */; };
		893647CD2541712700CD9CE3 /* MSGCollectionView.swift in Sources */ = {isa = PBXBuildFile; fileRef = 893647832541712600CD9CE3 /* MSGCollectionView.swift */; };
		893647CE2541712700CD9CE3 /* MSGEmojiCollectionViewCell.swift in Sources */ = {isa = PBXBuildFile; fileRef = 893647862541712600CD9CE3 /* MSGEmojiCollectionViewCell.swift */; };
		893647CF2541712700CD9CE3 /* MSGOutgoingEmojiCollectionViewCell.xib in Resources */ = {isa = PBXBuildFile; fileRef = 893647872541712600CD9CE3 /* MSGOutgoingEmojiCollectionViewCell.xib */; };
		893647D02541712700CD9CE3 /* MSGIncomingEmojiCollectionViewCell.xib in Resources */ = {isa = PBXBuildFile; fileRef = 893647882541712600CD9CE3 /* MSGIncomingEmojiCollectionViewCell.xib */; };
		893647D12541712700CD9CE3 /* MSGImageCollectionViewCell.swift in Sources */ = {isa = PBXBuildFile; fileRef = 8936478A2541712600CD9CE3 /* MSGImageCollectionViewCell.swift */; };
		893647D22541712700CD9CE3 /* MSGIncomingImageCollectionViewCell.xib in Resources */ = {isa = PBXBuildFile; fileRef = 8936478B2541712600CD9CE3 /* MSGIncomingImageCollectionViewCell.xib */; };
		893647D32541712700CD9CE3 /* MSGOutgoingImageCollectionViewCell.xib in Resources */ = {isa = PBXBuildFile; fileRef = 8936478C2541712600CD9CE3 /* MSGOutgoingImageCollectionViewCell.xib */; };
		893647D42541712700CD9CE3 /* MSGMessageCellDelegate.swift in Sources */ = {isa = PBXBuildFile; fileRef = 8936478D2541712600CD9CE3 /* MSGMessageCellDelegate.swift */; };
		893647D52541712700CD9CE3 /* MSGMessageCell.swift in Sources */ = {isa = PBXBuildFile; fileRef = 8936478E2541712600CD9CE3 /* MSGMessageCell.swift */; };
		893647D62541712700CD9CE3 /* MSGIncomingTravCollectionViewCell.xib in Resources */ = {isa = PBXBuildFile; fileRef = 893647912541712600CD9CE3 /* MSGIncomingTravCollectionViewCell.xib */; };
		893647D72541712700CD9CE3 /* MSGTravCollectionViewCell.swift in Sources */ = {isa = PBXBuildFile; fileRef = 893647922541712600CD9CE3 /* MSGTravCollectionViewCell.swift */; };
		893647D82541712700CD9CE3 /* MSGOutgoingTravCollectionViewCell.xib in Resources */ = {isa = PBXBuildFile; fileRef = 893647932541712600CD9CE3 /* MSGOutgoingTravCollectionViewCell.xib */; };
		893647D92541712700CD9CE3 /* MSGTailCollectionViewCell.swift in Sources */ = {isa = PBXBuildFile; fileRef = 893647952541712600CD9CE3 /* MSGTailCollectionViewCell.swift */; };
		893647DA2541712700CD9CE3 /* MSGIncomingTailCollectionViewCell.xib in Resources */ = {isa = PBXBuildFile; fileRef = 893647962541712600CD9CE3 /* MSGIncomingTailCollectionViewCell.xib */; };
		893647DB2541712700CD9CE3 /* MSGOutgoingTailCollectionViewCell.xib in Resources */ = {isa = PBXBuildFile; fileRef = 893647972541712600CD9CE3 /* MSGOutgoingTailCollectionViewCell.xib */; };
		893647DC2541712700CD9CE3 /* MSGTravCollectionView.swift in Sources */ = {isa = PBXBuildFile; fileRef = 8936479A2541712600CD9CE3 /* MSGTravCollectionView.swift */; };
		893647DD2541712700CD9CE3 /* MSGTravCollectionViewFlowLayout.swift in Sources */ = {isa = PBXBuildFile; fileRef = 8936479B2541712600CD9CE3 /* MSGTravCollectionViewFlowLayout.swift */; };
		893647DE2541712700CD9CE3 /* MSGImessageTravCollectionViewFlowLayout.swift in Sources */ = {isa = PBXBuildFile; fileRef = 8936479D2541712600CD9CE3 /* MSGImessageTravCollectionViewFlowLayout.swift */; };
		893647DF2541712700CD9CE3 /* MSGImessageCollectionView.swift in Sources */ = {isa = PBXBuildFile; fileRef = 8936479E2541712600CD9CE3 /* MSGImessageCollectionView.swift */; };
		893647E02541712700CD9CE3 /* MSGDataSource.swift in Sources */ = {isa = PBXBuildFile; fileRef = 8936479F2541712600CD9CE3 /* MSGDataSource.swift */; };
		893647E12541712700CD9CE3 /* MSGDelegate.swift in Sources */ = {isa = PBXBuildFile; fileRef = 893647A02541712600CD9CE3 /* MSGDelegate.swift */; };
		893647E22541712700CD9CE3 /* MSGIMessageStyle.swift in Sources */ = {isa = PBXBuildFile; fileRef = 893647A22541712600CD9CE3 /* MSGIMessageStyle.swift */; };
		893647E32541712700CD9CE3 /* MSGTravamigosStyle.swift in Sources */ = {isa = PBXBuildFile; fileRef = 893647A32541712600CD9CE3 /* MSGTravamigosStyle.swift */; };
		893647E42541712700CD9CE3 /* MSGMessengerStyle.swift in Sources */ = {isa = PBXBuildFile; fileRef = 893647A42541712600CD9CE3 /* MSGMessengerStyle.swift */; };
		893647E52541712700CD9CE3 /* KeyboardFrameObserversManager.swift in Sources */ = {isa = PBXBuildFile; fileRef = 893647A62541712600CD9CE3 /* KeyboardFrameObserversManager.swift */; };
		893647E62541712700CD9CE3 /* KeyboardLayoutGuide.swift in Sources */ = {isa = PBXBuildFile; fileRef = 893647A72541712600CD9CE3 /* KeyboardLayoutGuide.swift */; };
		893647E72541712700CD9CE3 /* KeyboardFrameObserver.swift in Sources */ = {isa = PBXBuildFile; fileRef = 893647A82541712600CD9CE3 /* KeyboardFrameObserver.swift */; };
		893647F32541717E00CD9CE3 /* User.swift in Sources */ = {isa = PBXBuildFile; fileRef = 893647F22541717E00CD9CE3 /* User.swift */; };
		893647FF254172C200CD9CE3 /* Emoji.swift in Sources */ = {isa = PBXBuildFile; fileRef = 893647FE254172C200CD9CE3 /* Emoji.swift */; };
		8949A67A256D3CCE000876A8 /* EndProcessRequest.swift in Sources */ = {isa = PBXBuildFile; fileRef = 8949A679256D3CCE000876A8 /* EndProcessRequest.swift */; };
		8949A67D256D3D1B000876A8 /* EndProcessResponse.swift in Sources */ = {isa = PBXBuildFile; fileRef = 8949A67C256D3D1B000876A8 /* EndProcessResponse.swift */; };
		8985AD7525405EC100753A8B /* MessageViewController.swift in Sources */ = {isa = PBXBuildFile; fileRef = 8985AD7425405EC100753A8B /* MessageViewController.swift */; };
		89CEC9C8253462A10063200D /* Modals.swift in Sources */ = {isa = PBXBuildFile; fileRef = 89CEC9C7253462A10063200D /* Modals.swift */; };
		89CEC9CC253463AC0063200D /* GetTokenRequest.swift in Sources */ = {isa = PBXBuildFile; fileRef = 89CEC9CB253463AC0063200D /* GetTokenRequest.swift */; };
		89D1A74C2537041A00591E7E /* Utils.swift in Sources */ = {isa = PBXBuildFile; fileRef = 89D1A74B2537041A00591E7E /* Utils.swift */; };
		89D9B09A25189BB70027FBF1 /* AppDelegate.swift in Sources */ = {isa = PBXBuildFile; fileRef = 89D9B09925189BB70027FBF1 /* AppDelegate.swift */; };
		89D9B09C25189BB70027FBF1 /* SceneDelegate.swift in Sources */ = {isa = PBXBuildFile; fileRef = 89D9B09B25189BB70027FBF1 /* SceneDelegate.swift */; };
		89D9B0A125189BB70027FBF1 /* Main.storyboard in Resources */ = {isa = PBXBuildFile; fileRef = 89D9B09F25189BB70027FBF1 /* Main.storyboard */; };
		89D9B0A325189BBC0027FBF1 /* Assets.xcassets in Resources */ = {isa = PBXBuildFile; fileRef = 89D9B0A225189BBC0027FBF1 /* Assets.xcassets */; };
		89D9B0A625189BBC0027FBF1 /* LaunchScreen.storyboard in Resources */ = {isa = PBXBuildFile; fileRef = 89D9B0A425189BBC0027FBF1 /* LaunchScreen.storyboard */; };
		89D9B0B42518A4190027FBF1 /* PaddingLabel.swift in Sources */ = {isa = PBXBuildFile; fileRef = 89D9B0B32518A4190027FBF1 /* PaddingLabel.swift */; };
		89D9B0B62518A72A0027FBF1 /* StartMeetingViewController.swift in Sources */ = {isa = PBXBuildFile; fileRef = 89D9B0B52518A72A0027FBF1 /* StartMeetingViewController.swift */; };
		89D9B0B82518A98A0027FBF1 /* SplashViewController.swift in Sources */ = {isa = PBXBuildFile; fileRef = 89D9B0B72518A98A0027FBF1 /* SplashViewController.swift */; };
		89DEFA4B2518E33600DD57AC /* ApiUrls.swift in Sources */ = {isa = PBXBuildFile; fileRef = 89DEFA4A2518E33600DD57AC /* ApiUrls.swift */; };
		89DEFA572518E49500DD57AC /* MethodTypes.swift in Sources */ = {isa = PBXBuildFile; fileRef = 89DEFA562518E49500DD57AC /* MethodTypes.swift */; };
		89DEFA5A2518E4A600DD57AC /* ApiResponse.swift in Sources */ = {isa = PBXBuildFile; fileRef = 89DEFA592518E4A600DD57AC /* ApiResponse.swift */; };
		89DEFA5F2518E51600DD57AC /* GetTokenResponse.swift in Sources */ = {isa = PBXBuildFile; fileRef = 89DEFA5E2518E51600DD57AC /* GetTokenResponse.swift */; };
		89DEFA652518E6CB00DD57AC /* ApiManager.swift in Sources */ = {isa = PBXBuildFile; fileRef = 89DEFA642518E6CB00DD57AC /* ApiManager.swift */; };
		E1AF3883225733CFE642F674 /* Pods_The_Linguist_Hub___Video_Interpreting.framework in Frameworks */ = {isa = PBXBuildFile; fileRef = ACA2CB05F97C31DD47BD4BDF /* Pods_The_Linguist_Hub___Video_Interpreting.framework */; };
/* End PBXBuildFile section */

/* Begin PBXFileReference section */
		399250036782DE62C4F49ABB /* Pods-The Linguist Hub - Video Interpreting.debug.xcconfig */ = {isa = PBXFileReference; includeInIndex = 1; lastKnownFileType = text.xcconfig; name = "Pods-The Linguist Hub - Video Interpreting.debug.xcconfig"; path = "Target Support Files/Pods-The Linguist Hub - Video Interpreting/Pods-The Linguist Hub - Video Interpreting.debug.xcconfig"; sourceTree = "<group>"; };
		891B1270253870B7001CBE68 /* ParticipantsCollectionViewCell.swift */ = {isa = PBXFileReference; lastKnownFileType = sourcecode.swift; path = ParticipantsCollectionViewCell.swift; sourceTree = "<group>"; };
		891B15E2256BDEFC00889A60 /* MeetingViewController.swift */ = {isa = PBXFileReference; lastKnownFileType = sourcecode.swift; path = MeetingViewController.swift; sourceTree = "<group>"; };
		891B15E5256BDF8F00889A60 /* GeneralTableViewCell.swift */ = {isa = PBXFileReference; lastKnownFileType = sourcecode.swift; path = GeneralTableViewCell.swift; sourceTree = "<group>"; };
		893647522541712400CD9CE3 /* Assets.xcassets */ = {isa = PBXFileReference; lastKnownFileType = folder.assetcatalog; path = Assets.xcassets; sourceTree = "<group>"; };
		893647542541712400CD9CE3 /* MSGMessengerViewController + Helpers.swift */ = {isa = PBXFileReference; fileEncoding = 4; lastKnownFileType = sourcecode.swift; path = "MSGMessengerViewController + Helpers.swift"; sourceTree = "<group>"; };
		893647552541712400CD9CE3 /* MSGMessengerView.swift */ = {isa = PBXFileReference; fileEncoding = 4; lastKnownFileType = sourcecode.swift; path = MSGMessengerView.swift; sourceTree = "<group>"; };
		893647562541712400CD9CE3 /* MSGMessengerViewController + CellDelegate.swift */ = {isa = PBXFileReference; fileEncoding = 4; lastKnownFileType = sourcecode.swift; path = "MSGMessengerViewController + CellDelegate.swift"; sourceTree = "<group>"; };
		893647572541712400CD9CE3 /* MSGMessengerViewController + DataSource.swift */ = {isa = PBXFileReference; fileEncoding = 4; lastKnownFileType = sourcecode.swift; path = "MSGMessengerViewController + DataSource.swift"; sourceTree = "<group>"; };
		893647582541712400CD9CE3 /* MSGMessengerView.xib */ = {isa = PBXFileReference; fileEncoding = 4; lastKnownFileType = file.xib; path = MSGMessengerView.xib; sourceTree = "<group>"; };
		893647592541712400CD9CE3 /* MSGMessengerViewController.swift */ = {isa = PBXFileReference; fileEncoding = 4; lastKnownFileType = sourcecode.swift; path = MSGMessengerViewController.swift; sourceTree = "<group>"; };
		8936475C2541712400CD9CE3 /* MSGTravOutgoingBubble.swift */ = {isa = PBXFileReference; fileEncoding = 4; lastKnownFileType = sourcecode.swift; path = MSGTravOutgoingBubble.swift; sourceTree = "<group>"; };
		8936475D2541712400CD9CE3 /* MSGTravIncomingBubble.swift */ = {isa = PBXFileReference; fileEncoding = 4; lastKnownFileType = sourcecode.swift; path = MSGTravIncomingBubble.swift; sourceTree = "<group>"; };
		8936475F2541712400CD9CE3 /* MSGTailIncomingBubble.swift */ = {isa = PBXFileReference; fileEncoding = 4; lastKnownFileType = sourcecode.swift; path = MSGTailIncomingBubble.swift; sourceTree = "<group>"; };
		893647602541712400CD9CE3 /* MSGTailOutgoingBubble.swift */ = {isa = PBXFileReference; fileEncoding = 4; lastKnownFileType = sourcecode.swift; path = MSGTailOutgoingBubble.swift; sourceTree = "<group>"; };
		893647612541712400CD9CE3 /* MessengerKit.swift */ = {isa = PBXFileReference; fileEncoding = 4; lastKnownFileType = sourcecode.swift; path = MessengerKit.swift; sourceTree = "<group>"; };
		893647632541712500CD9CE3 /* MSGMessageBody.swift */ = {isa = PBXFileReference; fileEncoding = 4; lastKnownFileType = sourcecode.swift; path = MSGMessageBody.swift; sourceTree = "<group>"; };
		893647642541712500CD9CE3 /* MSGMessage.swift */ = {isa = PBXFileReference; fileEncoding = 4; lastKnownFileType = sourcecode.swift; path = MSGMessage.swift; sourceTree = "<group>"; };
		893647652541712500CD9CE3 /* MSGUser.swift */ = {isa = PBXFileReference; fileEncoding = 4; lastKnownFileType = sourcecode.swift; path = MSGUser.swift; sourceTree = "<group>"; };
		893647692541712500CD9CE3 /* MSGInputSeparatorView.swift */ = {isa = PBXFileReference; fileEncoding = 4; lastKnownFileType = sourcecode.swift; path = MSGInputSeparatorView.swift; sourceTree = "<group>"; };
		8936476A2541712500CD9CE3 /* MSGTravInputView.swift */ = {isa = PBXFileReference; fileEncoding = 4; lastKnownFileType = sourcecode.swift; path = MSGTravInputView.swift; sourceTree = "<group>"; };
		8936476C2541712500CD9CE3 /* MSGImessageSendButton.swift */ = {isa = PBXFileReference; fileEncoding = 4; lastKnownFileType = sourcecode.swift; path = MSGImessageSendButton.swift; sourceTree = "<group>"; };
		8936476D2541712500CD9CE3 /* MSGImessageInputView.xib */ = {isa = PBXFileReference; fileEncoding = 4; lastKnownFileType = file.xib; path = MSGImessageInputView.xib; sourceTree = "<group>"; };
		8936476E2541712500CD9CE3 /* MSGImessageInputView.swift */ = {isa = PBXFileReference; fileEncoding = 4; lastKnownFileType = sourcecode.swift; path = MSGImessageInputView.swift; sourceTree = "<group>"; };
		8936476F2541712500CD9CE3 /* MSGPlaceholderTextView.swift */ = {isa = PBXFileReference; fileEncoding = 4; lastKnownFileType = sourcecode.swift; path = MSGPlaceholderTextView.swift; sourceTree = "<group>"; };
		893647702541712500CD9CE3 /* MSGInputView.swift */ = {isa = PBXFileReference; fileEncoding = 4; lastKnownFileType = sourcecode.swift; path = MSGInputView.swift; sourceTree = "<group>"; };
		893647732541712600CD9CE3 /* MSGSectionReusableViewDelegate.swift */ = {isa = PBXFileReference; fileEncoding = 4; lastKnownFileType = sourcecode.swift; path = MSGSectionReusableViewDelegate.swift; sourceTree = "<group>"; };
		893647752541712600CD9CE3 /* MSGTravIncomingCollectionViewSectionHeader.xib */ = {isa = PBXFileReference; fileEncoding = 4; lastKnownFileType = file.xib; path = MSGTravIncomingCollectionViewSectionHeader.xib; sourceTree = "<group>"; };
		893647762541712600CD9CE3 /* MSGTravCollectionViewSectionHeader.swift */ = {isa = PBXFileReference; fileEncoding = 4; lastKnownFileType = sourcecode.swift; path = MSGTravCollectionViewSectionHeader.swift; sourceTree = "<group>"; };
		893647772541712600CD9CE3 /* MSGTravIncomingCollectionViewSectionFooter.xib */ = {isa = PBXFileReference; fileEncoding = 4; lastKnownFileType = file.xib; path = MSGTravIncomingCollectionViewSectionFooter.xib; sourceTree = "<group>"; };
		893647782541712600CD9CE3 /* MSGTravCollectionViewSectionFooter.swift */ = {isa = PBXFileReference; fileEncoding = 4; lastKnownFileType = sourcecode.swift; path = MSGTravCollectionViewSectionFooter.swift; sourceTree = "<group>"; };
		893647792541712600CD9CE3 /* MSGTravOutgoingCollectionViewSectionFooter.xib */ = {isa = PBXFileReference; fileEncoding = 4; lastKnownFileType = file.xib; path = MSGTravOutgoingCollectionViewSectionFooter.xib; sourceTree = "<group>"; };
		8936477A2541712600CD9CE3 /* MSGTravOutgoingCollectionViewSectionHeader.xib */ = {isa = PBXFileReference; fileEncoding = 4; lastKnownFileType = file.xib; path = MSGTravOutgoingCollectionViewSectionHeader.xib; sourceTree = "<group>"; };
		8936477B2541712600CD9CE3 /* MSGSectionReusableView.swift */ = {isa = PBXFileReference; fileEncoding = 4; lastKnownFileType = sourcecode.swift; path = MSGSectionReusableView.swift; sourceTree = "<group>"; };
		8936477D2541712600CD9CE3 /* MSGImessageIncomingFooterView.xib */ = {isa = PBXFileReference; fileEncoding = 4; lastKnownFileType = file.xib; path = MSGImessageIncomingFooterView.xib; sourceTree = "<group>"; };
		8936477E2541712600CD9CE3 /* MSGImessageFooterView.swift */ = {isa = PBXFileReference; fileEncoding = 4; lastKnownFileType = sourcecode.swift; path = MSGImessageFooterView.swift; sourceTree = "<group>"; };
		8936477F2541712600CD9CE3 /* MSGImessageOutgoingHeaderView.xib */ = {isa = PBXFileReference; fileEncoding = 4; lastKnownFileType = file.xib; path = MSGImessageOutgoingHeaderView.xib; sourceTree = "<group>"; };
		893647802541712600CD9CE3 /* MSGImessageIncomingHeaderView.xib */ = {isa = PBXFileReference; fileEncoding = 4; lastKnownFileType = file.xib; path = MSGImessageIncomingHeaderView.xib; sourceTree = "<group>"; };
		893647812541712600CD9CE3 /* MSGImessageOutgoingFooterView.xib */ = {isa = PBXFileReference; fileEncoding = 4; lastKnownFileType = file.xib; path = MSGImessageOutgoingFooterView.xib; sourceTree = "<group>"; };
		893647822541712600CD9CE3 /* MSGImessageHeaderView.swift */ = {isa = PBXFileReference; fileEncoding = 4; lastKnownFileType = sourcecode.swift; path = MSGImessageHeaderView.swift; sourceTree = "<group>"; };
		893647832541712600CD9CE3 /* MSGCollectionView.swift */ = {isa = PBXFileReference; fileEncoding = 4; lastKnownFileType = sourcecode.swift; path = MSGCollectionView.swift; sourceTree = "<group>"; };
		893647862541712600CD9CE3 /* MSGEmojiCollectionViewCell.swift */ = {isa = PBXFileReference; fileEncoding = 4; lastKnownFileType = sourcecode.swift; path = MSGEmojiCollectionViewCell.swift; sourceTree = "<group>"; };
		893647872541712600CD9CE3 /* MSGOutgoingEmojiCollectionViewCell.xib */ = {isa = PBXFileReference; fileEncoding = 4; lastKnownFileType = file.xib; path = MSGOutgoingEmojiCollectionViewCell.xib; sourceTree = "<group>"; };
		893647882541712600CD9CE3 /* MSGIncomingEmojiCollectionViewCell.xib */ = {isa = PBXFileReference; fileEncoding = 4; lastKnownFileType = file.xib; path = MSGIncomingEmojiCollectionViewCell.xib; sourceTree = "<group>"; };
		8936478A2541712600CD9CE3 /* MSGImageCollectionViewCell.swift */ = {isa = PBXFileReference; fileEncoding = 4; lastKnownFileType = sourcecode.swift; path = MSGImageCollectionViewCell.swift; sourceTree = "<group>"; };
		8936478B2541712600CD9CE3 /* MSGIncomingImageCollectionViewCell.xib */ = {isa = PBXFileReference; fileEncoding = 4; lastKnownFileType = file.xib; path = MSGIncomingImageCollectionViewCell.xib; sourceTree = "<group>"; };
		8936478C2541712600CD9CE3 /* MSGOutgoingImageCollectionViewCell.xib */ = {isa = PBXFileReference; fileEncoding = 4; lastKnownFileType = file.xib; path = MSGOutgoingImageCollectionViewCell.xib; sourceTree = "<group>"; };
		8936478D2541712600CD9CE3 /* MSGMessageCellDelegate.swift */ = {isa = PBXFileReference; fileEncoding = 4; lastKnownFileType = sourcecode.swift; path = MSGMessageCellDelegate.swift; sourceTree = "<group>"; };
		8936478E2541712600CD9CE3 /* MSGMessageCell.swift */ = {isa = PBXFileReference; fileEncoding = 4; lastKnownFileType = sourcecode.swift; path = MSGMessageCell.swift; sourceTree = "<group>"; };
		893647912541712600CD9CE3 /* MSGIncomingTravCollectionViewCell.xib */ = {isa = PBXFileReference; fileEncoding = 4; lastKnownFileType = file.xib; path = MSGIncomingTravCollectionViewCell.xib; sourceTree = "<group>"; };
		893647922541712600CD9CE3 /* MSGTravCollectionViewCell.swift */ = {isa = PBXFileReference; fileEncoding = 4; lastKnownFileType = sourcecode.swift; path = MSGTravCollectionViewCell.swift; sourceTree = "<group>"; };
		893647932541712600CD9CE3 /* MSGOutgoingTravCollectionViewCell.xib */ = {isa = PBXFileReference; fileEncoding = 4; lastKnownFileType = file.xib; path = MSGOutgoingTravCollectionViewCell.xib; sourceTree = "<group>"; };
		893647952541712600CD9CE3 /* MSGTailCollectionViewCell.swift */ = {isa = PBXFileReference; fileEncoding = 4; lastKnownFileType = sourcecode.swift; path = MSGTailCollectionViewCell.swift; sourceTree = "<group>"; };
		893647962541712600CD9CE3 /* MSGIncomingTailCollectionViewCell.xib */ = {isa = PBXFileReference; fileEncoding = 4; lastKnownFileType = file.xib; path = MSGIncomingTailCollectionViewCell.xib; sourceTree = "<group>"; };
		893647972541712600CD9CE3 /* MSGOutgoingTailCollectionViewCell.xib */ = {isa = PBXFileReference; fileEncoding = 4; lastKnownFileType = file.xib; path = MSGOutgoingTailCollectionViewCell.xib; sourceTree = "<group>"; };
		8936479A2541712600CD9CE3 /* MSGTravCollectionView.swift */ = {isa = PBXFileReference; fileEncoding = 4; lastKnownFileType = sourcecode.swift; path = MSGTravCollectionView.swift; sourceTree = "<group>"; };
		8936479B2541712600CD9CE3 /* MSGTravCollectionViewFlowLayout.swift */ = {isa = PBXFileReference; fileEncoding = 4; lastKnownFileType = sourcecode.swift; path = MSGTravCollectionViewFlowLayout.swift; sourceTree = "<group>"; };
		8936479D2541712600CD9CE3 /* MSGImessageTravCollectionViewFlowLayout.swift */ = {isa = PBXFileReference; fileEncoding = 4; lastKnownFileType = sourcecode.swift; path = MSGImessageTravCollectionViewFlowLayout.swift; sourceTree = "<group>"; };
		8936479E2541712600CD9CE3 /* MSGImessageCollectionView.swift */ = {isa = PBXFileReference; fileEncoding = 4; lastKnownFileType = sourcecode.swift; path = MSGImessageCollectionView.swift; sourceTree = "<group>"; };
		8936479F2541712600CD9CE3 /* MSGDataSource.swift */ = {isa = PBXFileReference; fileEncoding = 4; lastKnownFileType = sourcecode.swift; path = MSGDataSource.swift; sourceTree = "<group>"; };
		893647A02541712600CD9CE3 /* MSGDelegate.swift */ = {isa = PBXFileReference; fileEncoding = 4; lastKnownFileType = sourcecode.swift; path = MSGDelegate.swift; sourceTree = "<group>"; };
		893647A22541712600CD9CE3 /* MSGIMessageStyle.swift */ = {isa = PBXFileReference; fileEncoding = 4; lastKnownFileType = sourcecode.swift; path = MSGIMessageStyle.swift; sourceTree = "<group>"; };
		893647A32541712600CD9CE3 /* MSGTravamigosStyle.swift */ = {isa = PBXFileReference; fileEncoding = 4; lastKnownFileType = sourcecode.swift; path = MSGTravamigosStyle.swift; sourceTree = "<group>"; };
		893647A42541712600CD9CE3 /* MSGMessengerStyle.swift */ = {isa = PBXFileReference; fileEncoding = 4; lastKnownFileType = sourcecode.swift; path = MSGMessengerStyle.swift; sourceTree = "<group>"; };
		893647A62541712600CD9CE3 /* KeyboardFrameObserversManager.swift */ = {isa = PBXFileReference; fileEncoding = 4; lastKnownFileType = sourcecode.swift; path = KeyboardFrameObserversManager.swift; sourceTree = "<group>"; };
		893647A72541712600CD9CE3 /* KeyboardLayoutGuide.swift */ = {isa = PBXFileReference; fileEncoding = 4; lastKnownFileType = sourcecode.swift; path = KeyboardLayoutGuide.swift; sourceTree = "<group>"; };
		893647A82541712600CD9CE3 /* KeyboardFrameObserver.swift */ = {isa = PBXFileReference; fileEncoding = 4; lastKnownFileType = sourcecode.swift; path = KeyboardFrameObserver.swift; sourceTree = "<group>"; };
		893647F22541717E00CD9CE3 /* User.swift */ = {isa = PBXFileReference; lastKnownFileType = sourcecode.swift; path = User.swift; sourceTree = "<group>"; };
		893647FE254172C200CD9CE3 /* Emoji.swift */ = {isa = PBXFileReference; lastKnownFileType = sourcecode.swift; path = Emoji.swift; sourceTree = "<group>"; };
		8949A679256D3CCE000876A8 /* EndProcessRequest.swift */ = {isa = PBXFileReference; lastKnownFileType = sourcecode.swift; path = EndProcessRequest.swift; sourceTree = "<group>"; };
		8949A67C256D3D1B000876A8 /* EndProcessResponse.swift */ = {isa = PBXFileReference; lastKnownFileType = sourcecode.swift; path = EndProcessResponse.swift; sourceTree = "<group>"; };
		895150FD2518D8BF00E52516 /* The Linguist Hub - Video Interpreting.entitlements */ = {isa = PBXFileReference; lastKnownFileType = text.plist.entitlements; path = "The Linguist Hub - Video Interpreting.entitlements"; sourceTree = "<group>"; };
		8985AD7425405EC100753A8B /* MessageViewController.swift */ = {isa = PBXFileReference; lastKnownFileType = sourcecode.swift; path = MessageViewController.swift; sourceTree = "<group>"; };
		89CEC9C7253462A10063200D /* Modals.swift */ = {isa = PBXFileReference; lastKnownFileType = sourcecode.swift; path = Modals.swift; sourceTree = "<group>"; };
		89CEC9CB253463AC0063200D /* GetTokenRequest.swift */ = {isa = PBXFileReference; lastKnownFileType = sourcecode.swift; path = GetTokenRequest.swift; sourceTree = "<group>"; };
		89D1A74B2537041A00591E7E /* Utils.swift */ = {isa = PBXFileReference; lastKnownFileType = sourcecode.swift; path = Utils.swift; sourceTree = "<group>"; };
		89D9B09625189BB70027FBF1 /* The Linguist Hub - Video Interpreting.app */ = {isa = PBXFileReference; explicitFileType = wrapper.application; includeInIndex = 0; path = "The Linguist Hub - Video Interpreting.app"; sourceTree = BUILT_PRODUCTS_DIR; };
		89D9B09925189BB70027FBF1 /* AppDelegate.swift */ = {isa = PBXFileReference; lastKnownFileType = sourcecode.swift; path = AppDelegate.swift; sourceTree = "<group>"; };
		89D9B09B25189BB70027FBF1 /* SceneDelegate.swift */ = {isa = PBXFileReference; lastKnownFileType = sourcecode.swift; path = SceneDelegate.swift; sourceTree = "<group>"; };
		89D9B0A025189BB70027FBF1 /* Base */ = {isa = PBXFileReference; lastKnownFileType = file.storyboard; name = Base; path = Base.lproj/Main.storyboard; sourceTree = "<group>"; };
		89D9B0A225189BBC0027FBF1 /* Assets.xcassets */ = {isa = PBXFileReference; lastKnownFileType = folder.assetcatalog; path = Assets.xcassets; sourceTree = "<group>"; };
		89D9B0A525189BBC0027FBF1 /* Base */ = {isa = PBXFileReference; lastKnownFileType = file.storyboard; name = Base; path = Base.lproj/LaunchScreen.storyboard; sourceTree = "<group>"; };
		89D9B0A725189BBC0027FBF1 /* Info.plist */ = {isa = PBXFileReference; lastKnownFileType = text.plist.xml; path = Info.plist; sourceTree = "<group>"; };
		89D9B0B32518A4190027FBF1 /* PaddingLabel.swift */ = {isa = PBXFileReference; lastKnownFileType = sourcecode.swift; path = PaddingLabel.swift; sourceTree = "<group>"; };
		89D9B0B52518A72A0027FBF1 /* StartMeetingViewController.swift */ = {isa = PBXFileReference; lastKnownFileType = sourcecode.swift; path = StartMeetingViewController.swift; sourceTree = "<group>"; };
		89D9B0B72518A98A0027FBF1 /* SplashViewController.swift */ = {isa = PBXFileReference; lastKnownFileType = sourcecode.swift; path = SplashViewController.swift; sourceTree = "<group>"; };
		89DEFA4A2518E33600DD57AC /* ApiUrls.swift */ = {isa = PBXFileReference; lastKnownFileType = sourcecode.swift; path = ApiUrls.swift; sourceTree = "<group>"; };
		89DEFA562518E49500DD57AC /* MethodTypes.swift */ = {isa = PBXFileReference; lastKnownFileType = sourcecode.swift; path = MethodTypes.swift; sourceTree = "<group>"; };
		89DEFA592518E4A600DD57AC /* ApiResponse.swift */ = {isa = PBXFileReference; lastKnownFileType = sourcecode.swift; path = ApiResponse.swift; sourceTree = "<group>"; };
		89DEFA5E2518E51600DD57AC /* GetTokenResponse.swift */ = {isa = PBXFileReference; lastKnownFileType = sourcecode.swift; path = GetTokenResponse.swift; sourceTree = "<group>"; };
		89DEFA642518E6CB00DD57AC /* ApiManager.swift */ = {isa = PBXFileReference; lastKnownFileType = sourcecode.swift; path = ApiManager.swift; sourceTree = "<group>"; };
		ACA2CB05F97C31DD47BD4BDF /* Pods_The_Linguist_Hub___Video_Interpreting.framework */ = {isa = PBXFileReference; explicitFileType = wrapper.framework; includeInIndex = 0; path = "Pods_The_Linguist_Hub___Video_Interpreting.framework"; sourceTree = BUILT_PRODUCTS_DIR; };
		DED37525B4D1E77FB4CD21B7 /* Pods-The Linguist Hub - Video Interpreting.release.xcconfig */ = {isa = PBXFileReference; includeInIndex = 1; lastKnownFileType = text.xcconfig; name = "Pods-The Linguist Hub - Video Interpreting.release.xcconfig"; path = "Target Support Files/Pods-The Linguist Hub - Video Interpreting/Pods-The Linguist Hub - Video Interpreting.release.xcconfig"; sourceTree = "<group>"; };
/* End PBXFileReference section */

/* Begin PBXFrameworksBuildPhase section */
		89D9B09325189BB70027FBF1 /* Frameworks */ = {
			isa = PBXFrameworksBuildPhase;
			buildActionMask = 2147483647;
			files = (
				E1AF3883225733CFE642F674 /* Pods_The_Linguist_Hub___Video_Interpreting.framework in Frameworks */,
			);
			runOnlyForDeploymentPostprocessing = 0;
		};
/* End PBXFrameworksBuildPhase section */

/* Begin PBXGroup section */
		79F404A8FDA6196E0DAE3384 /* Pods */ = {
			isa = PBXGroup;
			children = (
				399250036782DE62C4F49ABB /* Pods-The Linguist Hub - Video Interpreting.debug.xcconfig */,
				DED37525B4D1E77FB4CD21B7 /* Pods-The Linguist Hub - Video Interpreting.release.xcconfig */,
			);
			path = Pods;
			sourceTree = "<group>";
		};
		89364751254170EE00CD9CE3 /* MessengerKit */ = {
			isa = PBXGroup;
			children = (
				893647522541712400CD9CE3 /* Assets.xcassets */,
				8936475A2541712400CD9CE3 /* Bubbles */,
				893647712541712600CD9CE3 /* Collection View */,
				893647662541712500CD9CE3 /* Input */,
				893647A52541712600CD9CE3 /* Keyboard Utility */,
				893647532541712400CD9CE3 /* Messenger View */,
				893647612541712400CD9CE3 /* MessengerKit.swift */,
				893647622541712500CD9CE3 /* Models */,
				893647A12541712600CD9CE3 /* Styles */,
				893647F22541717E00CD9CE3 /* User.swift */,
			);
			path = MessengerKit;
			sourceTree = "<group>";
		};
		893647532541712400CD9CE3 /* Messenger View */ = {
			isa = PBXGroup;
			children = (
				893647542541712400CD9CE3 /* MSGMessengerViewController + Helpers.swift */,
				893647552541712400CD9CE3 /* MSGMessengerView.swift */,
				893647562541712400CD9CE3 /* MSGMessengerViewController + CellDelegate.swift */,
				893647572541712400CD9CE3 /* MSGMessengerViewController + DataSource.swift */,
				893647582541712400CD9CE3 /* MSGMessengerView.xib */,
				893647592541712400CD9CE3 /* MSGMessengerViewController.swift */,
			);
			path = "Messenger View";
			sourceTree = "<group>";
		};
		8936475A2541712400CD9CE3 /* Bubbles */ = {
			isa = PBXGroup;
			children = (
				8936475B2541712400CD9CE3 /* Travamigos */,
				8936475E2541712400CD9CE3 /* iMessage */,
			);
			path = Bubbles;
			sourceTree = "<group>";
		};
		8936475B2541712400CD9CE3 /* Travamigos */ = {
			isa = PBXGroup;
			children = (
				8936475C2541712400CD9CE3 /* MSGTravOutgoingBubble.swift */,
				8936475D2541712400CD9CE3 /* MSGTravIncomingBubble.swift */,
			);
			path = Travamigos;
			sourceTree = "<group>";
		};
		8936475E2541712400CD9CE3 /* iMessage */ = {
			isa = PBXGroup;
			children = (
				8936475F2541712400CD9CE3 /* MSGTailIncomingBubble.swift */,
				893647602541712400CD9CE3 /* MSGTailOutgoingBubble.swift */,
			);
			path = iMessage;
			sourceTree = "<group>";
		};
		893647622541712500CD9CE3 /* Models */ = {
			isa = PBXGroup;
			children = (
				893647632541712500CD9CE3 /* MSGMessageBody.swift */,
				893647642541712500CD9CE3 /* MSGMessage.swift */,
				893647652541712500CD9CE3 /* MSGUser.swift */,
			);
			path = Models;
			sourceTree = "<group>";
		};
		893647662541712500CD9CE3 /* Input */ = {
			isa = PBXGroup;
			children = (
				893647672541712500CD9CE3 /* Styles */,
				8936476F2541712500CD9CE3 /* MSGPlaceholderTextView.swift */,
				893647702541712500CD9CE3 /* MSGInputView.swift */,
			);
			path = Input;
			sourceTree = "<group>";
		};
		893647672541712500CD9CE3 /* Styles */ = {
			isa = PBXGroup;
			children = (
				893647682541712500CD9CE3 /* Travamigos */,
				8936476B2541712500CD9CE3 /* iMessage */,
			);
			path = Styles;
			sourceTree = "<group>";
		};
		893647682541712500CD9CE3 /* Travamigos */ = {
			isa = PBXGroup;
			children = (
				893647692541712500CD9CE3 /* MSGInputSeparatorView.swift */,
				8936476A2541712500CD9CE3 /* MSGTravInputView.swift */,
			);
			path = Travamigos;
			sourceTree = "<group>";
		};
		8936476B2541712500CD9CE3 /* iMessage */ = {
			isa = PBXGroup;
			children = (
				8936476C2541712500CD9CE3 /* MSGImessageSendButton.swift */,
				8936476D2541712500CD9CE3 /* MSGImessageInputView.xib */,
				8936476E2541712500CD9CE3 /* MSGImessageInputView.swift */,
			);
			path = iMessage;
			sourceTree = "<group>";
		};
		893647712541712600CD9CE3 /* Collection View */ = {
			isa = PBXGroup;
			children = (
				893647722541712600CD9CE3 /* Header Footers */,
				893647832541712600CD9CE3 /* MSGCollectionView.swift */,
				893647842541712600CD9CE3 /* Cells */,
				893647982541712600CD9CE3 /* Styles */,
				8936479F2541712600CD9CE3 /* MSGDataSource.swift */,
				893647A02541712600CD9CE3 /* MSGDelegate.swift */,
			);
			path = "Collection View";
			sourceTree = "<group>";
		};
		893647722541712600CD9CE3 /* Header Footers */ = {
			isa = PBXGroup;
			children = (
				893647732541712600CD9CE3 /* MSGSectionReusableViewDelegate.swift */,
				893647742541712600CD9CE3 /* Travamigos */,
				8936477B2541712600CD9CE3 /* MSGSectionReusableView.swift */,
				8936477C2541712600CD9CE3 /* iMessage */,
			);
			path = "Header Footers";
			sourceTree = "<group>";
		};
		893647742541712600CD9CE3 /* Travamigos */ = {
			isa = PBXGroup;
			children = (
				893647752541712600CD9CE3 /* MSGTravIncomingCollectionViewSectionHeader.xib */,
				893647762541712600CD9CE3 /* MSGTravCollectionViewSectionHeader.swift */,
				893647772541712600CD9CE3 /* MSGTravIncomingCollectionViewSectionFooter.xib */,
				893647782541712600CD9CE3 /* MSGTravCollectionViewSectionFooter.swift */,
				893647792541712600CD9CE3 /* MSGTravOutgoingCollectionViewSectionFooter.xib */,
				8936477A2541712600CD9CE3 /* MSGTravOutgoingCollectionViewSectionHeader.xib */,
			);
			path = Travamigos;
			sourceTree = "<group>";
		};
		8936477C2541712600CD9CE3 /* iMessage */ = {
			isa = PBXGroup;
			children = (
				8936477D2541712600CD9CE3 /* MSGImessageIncomingFooterView.xib */,
				8936477E2541712600CD9CE3 /* MSGImessageFooterView.swift */,
				8936477F2541712600CD9CE3 /* MSGImessageOutgoingHeaderView.xib */,
				893647802541712600CD9CE3 /* MSGImessageIncomingHeaderView.xib */,
				893647812541712600CD9CE3 /* MSGImessageOutgoingFooterView.xib */,
				893647822541712600CD9CE3 /* MSGImessageHeaderView.swift */,
			);
			path = iMessage;
			sourceTree = "<group>";
		};
		893647842541712600CD9CE3 /* Cells */ = {
			isa = PBXGroup;
			children = (
				893647852541712600CD9CE3 /* Emoji */,
				893647892541712600CD9CE3 /* Media */,
				8936478D2541712600CD9CE3 /* MSGMessageCellDelegate.swift */,
				8936478E2541712600CD9CE3 /* MSGMessageCell.swift */,
				8936478F2541712600CD9CE3 /* Text */,
			);
			path = Cells;
			sourceTree = "<group>";
		};
		893647852541712600CD9CE3 /* Emoji */ = {
			isa = PBXGroup;
			children = (
				893647862541712600CD9CE3 /* MSGEmojiCollectionViewCell.swift */,
				893647872541712600CD9CE3 /* MSGOutgoingEmojiCollectionViewCell.xib */,
				893647882541712600CD9CE3 /* MSGIncomingEmojiCollectionViewCell.xib */,
			);
			path = Emoji;
			sourceTree = "<group>";
		};
		893647892541712600CD9CE3 /* Media */ = {
			isa = PBXGroup;
			children = (
				8936478A2541712600CD9CE3 /* MSGImageCollectionViewCell.swift */,
				8936478B2541712600CD9CE3 /* MSGIncomingImageCollectionViewCell.xib */,
				8936478C2541712600CD9CE3 /* MSGOutgoingImageCollectionViewCell.xib */,
			);
			path = Media;
			sourceTree = "<group>";
		};
		8936478F2541712600CD9CE3 /* Text */ = {
			isa = PBXGroup;
			children = (
				893647902541712600CD9CE3 /* Travamigos */,
				893647942541712600CD9CE3 /* iMessage */,
			);
			path = Text;
			sourceTree = "<group>";
		};
		893647902541712600CD9CE3 /* Travamigos */ = {
			isa = PBXGroup;
			children = (
				893647912541712600CD9CE3 /* MSGIncomingTravCollectionViewCell.xib */,
				893647922541712600CD9CE3 /* MSGTravCollectionViewCell.swift */,
				893647932541712600CD9CE3 /* MSGOutgoingTravCollectionViewCell.xib */,
			);
			path = Travamigos;
			sourceTree = "<group>";
		};
		893647942541712600CD9CE3 /* iMessage */ = {
			isa = PBXGroup;
			children = (
				893647952541712600CD9CE3 /* MSGTailCollectionViewCell.swift */,
				893647962541712600CD9CE3 /* MSGIncomingTailCollectionViewCell.xib */,
				893647972541712600CD9CE3 /* MSGOutgoingTailCollectionViewCell.xib */,
			);
			path = iMessage;
			sourceTree = "<group>";
		};
		893647982541712600CD9CE3 /* Styles */ = {
			isa = PBXGroup;
			children = (
				893647992541712600CD9CE3 /* Travamigos */,
				8936479C2541712600CD9CE3 /* iMessage */,
			);
			path = Styles;
			sourceTree = "<group>";
		};
		893647992541712600CD9CE3 /* Travamigos */ = {
			isa = PBXGroup;
			children = (
				8936479A2541712600CD9CE3 /* MSGTravCollectionView.swift */,
				8936479B2541712600CD9CE3 /* MSGTravCollectionViewFlowLayout.swift */,
			);
			path = Travamigos;
			sourceTree = "<group>";
		};
		8936479C2541712600CD9CE3 /* iMessage */ = {
			isa = PBXGroup;
			children = (
				8936479D2541712600CD9CE3 /* MSGImessageTravCollectionViewFlowLayout.swift */,
				8936479E2541712600CD9CE3 /* MSGImessageCollectionView.swift */,
			);
			path = iMessage;
			sourceTree = "<group>";
		};
		893647A12541712600CD9CE3 /* Styles */ = {
			isa = PBXGroup;
			children = (
				893647A22541712600CD9CE3 /* MSGIMessageStyle.swift */,
				893647A32541712600CD9CE3 /* MSGTravamigosStyle.swift */,
				893647A42541712600CD9CE3 /* MSGMessengerStyle.swift */,
			);
			path = Styles;
			sourceTree = "<group>";
		};
		893647A52541712600CD9CE3 /* Keyboard Utility */ = {
			isa = PBXGroup;
			children = (
				893647A62541712600CD9CE3 /* KeyboardFrameObserversManager.swift */,
				893647A72541712600CD9CE3 /* KeyboardLayoutGuide.swift */,
				893647A82541712600CD9CE3 /* KeyboardFrameObserver.swift */,
			);
			path = "Keyboard Utility";
			sourceTree = "<group>";
		};
		89D9B08D25189BB70027FBF1 = {
			isa = PBXGroup;
			children = (
				89D9B09825189BB70027FBF1 /* The Linguist Hub - Video Interpreting */,
				89D9B09725189BB70027FBF1 /* Products */,
				79F404A8FDA6196E0DAE3384 /* Pods */,
				F9B87B655321797C32AF0DF1 /* Frameworks */,
			);
			sourceTree = "<group>";
		};
		89D9B09725189BB70027FBF1 /* Products */ = {
			isa = PBXGroup;
			children = (
				89D9B09625189BB70027FBF1 /* The Linguist Hub - Video Interpreting.app */,
			);
			name = Products;
			sourceTree = "<group>";
		};
		89D9B09825189BB70027FBF1 /* The Linguist Hub - Video Interpreting */ = {
			isa = PBXGroup;
			children = (
				895150FD2518D8BF00E52516 /* The Linguist Hub - Video Interpreting.entitlements */,
				89D9B0A225189BBC0027FBF1 /* Assets.xcassets */,
				89D9B0AD25189BED0027FBF1 /* API Communicator */,
				89D9B0AE25189C040027FBF1 /* Entities */,
				89D9B0B025189C1B0027FBF1 /* Storyboards */,
				89D9B0AF25189C0D0027FBF1 /* Supporting Files */,
				89D9B0B125189C2B0027FBF1 /* Utils */,
				89D9B0B225189C340027FBF1 /* ViewControllers */,
			);
			path = "The Linguist Hub - Video Interpreting";
			sourceTree = "<group>";
		};
		89D9B0AD25189BED0027FBF1 /* API Communicator */ = {
			isa = PBXGroup;
			children = (
				89DEFA4A2518E33600DD57AC /* ApiUrls.swift */,
				89DEFA562518E49500DD57AC /* MethodTypes.swift */,
				89DEFA592518E4A600DD57AC /* ApiResponse.swift */,
				89DEFA642518E6CB00DD57AC /* ApiManager.swift */,
			);
			path = "API Communicator";
			sourceTree = "<group>";
		};
		89D9B0AE25189C040027FBF1 /* Entities */ = {
			isa = PBXGroup;
			children = (
				89DEFA5D2518E4FE00DD57AC /* Requests */,
				89DEFA5C2518E4F000DD57AC /* Responses */,
			);
			path = Entities;
			sourceTree = "<group>";
		};
		89D9B0AF25189C0D0027FBF1 /* Supporting Files */ = {
			isa = PBXGroup;
			children = (
				89D9B0A725189BBC0027FBF1 /* Info.plist */,
				89D9B09925189BB70027FBF1 /* AppDelegate.swift */,
				89D9B09B25189BB70027FBF1 /* SceneDelegate.swift */,
			);
			path = "Supporting Files";
			sourceTree = "<group>";
		};
		89D9B0B025189C1B0027FBF1 /* Storyboards */ = {
			isa = PBXGroup;
			children = (
				89D9B0A425189BBC0027FBF1 /* LaunchScreen.storyboard */,
				89D9B09F25189BB70027FBF1 /* Main.storyboard */,
			);
			path = Storyboards;
			sourceTree = "<group>";
		};
		89D9B0B125189C2B0027FBF1 /* Utils */ = {
			isa = PBXGroup;
			children = (
				89364751254170EE00CD9CE3 /* MessengerKit */,
				89CEC9C7253462A10063200D /* Modals.swift */,
				89D9B0B32518A4190027FBF1 /* PaddingLabel.swift */,
				89D1A74B2537041A00591E7E /* Utils.swift */,
				893647FE254172C200CD9CE3 /* Emoji.swift */,
			);
			path = Utils;
			sourceTree = "<group>";
		};
		89D9B0B225189C340027FBF1 /* ViewControllers */ = {
			isa = PBXGroup;
			children = (
				89D9B0B52518A72A0027FBF1 /* StartMeetingViewController.swift */,
				89D9B0B72518A98A0027FBF1 /* SplashViewController.swift */,
				891B1270253870B7001CBE68 /* ParticipantsCollectionViewCell.swift */,
				8985AD7425405EC100753A8B /* MessageViewController.swift */,
				891B15E2256BDEFC00889A60 /* MeetingViewController.swift */,
				891B15E5256BDF8F00889A60 /* GeneralTableViewCell.swift */,
			);
			path = ViewControllers;
			sourceTree = "<group>";
		};
		89DEFA5C2518E4F000DD57AC /* Responses */ = {
			isa = PBXGroup;
			children = (
				89DEFA5E2518E51600DD57AC /* GetTokenResponse.swift */,
				8949A67C256D3D1B000876A8 /* EndProcessResponse.swift */,
			);
			path = Responses;
			sourceTree = "<group>";
		};
		89DEFA5D2518E4FE00DD57AC /* Requests */ = {
			isa = PBXGroup;
			children = (
				89CEC9CB253463AC0063200D /* GetTokenRequest.swift */,
				8949A679256D3CCE000876A8 /* EndProcessRequest.swift */,
			);
			path = Requests;
			sourceTree = "<group>";
		};
		F9B87B655321797C32AF0DF1 /* Frameworks */ = {
			isa = PBXGroup;
			children = (
				ACA2CB05F97C31DD47BD4BDF /* Pods_The_Linguist_Hub___Video_Interpreting.framework */,
			);
			name = Frameworks;
			sourceTree = "<group>";
		};
/* End PBXGroup section */

/* Begin PBXNativeTarget section */
		89D9B09525189BB70027FBF1 /* The Linguist Hub - Video Interpreting */ = {
			isa = PBXNativeTarget;
			buildConfigurationList = 89D9B0AA25189BBC0027FBF1 /* Build configuration list for PBXNativeTarget "The Linguist Hub - Video Interpreting" */;
			buildPhases = (
				A3E4C82BB8EA3E47E29D63EF /* [CP] Check Pods Manifest.lock */,
				89D9B09225189BB70027FBF1 /* Sources */,
				89D9B09325189BB70027FBF1 /* Frameworks */,
				89D9B09425189BB70027FBF1 /* Resources */,
				DBDDABFBE49824E62966D91F /* [CP] Embed Pods Frameworks */,
			);
			buildRules = (
			);
			dependencies = (
			);
			name = "The Linguist Hub - Video Interpreting";
			productName = "The Linguist Hub - Video Interpreting";
			productReference = 89D9B09625189BB70027FBF1 /* The Linguist Hub - Video Interpreting.app */;
			productType = "com.apple.product-type.application";
		};
/* End PBXNativeTarget section */

/* Begin PBXProject section */
		89D9B08E25189BB70027FBF1 /* Project object */ = {
			isa = PBXProject;
			attributes = {
				LastSwiftUpdateCheck = 1170;
				LastUpgradeCheck = 1170;
				ORGANIZATIONNAME = "Language Empire";
				TargetAttributes = {
					89D9B09525189BB70027FBF1 = {
						CreatedOnToolsVersion = 11.7;
					};
				};
			};
			buildConfigurationList = 89D9B09125189BB70027FBF1 /* Build configuration list for PBXProject "The Linguist Hub - Video Interpreting" */;
			compatibilityVersion = "Xcode 9.3";
			developmentRegion = en;
			hasScannedForEncodings = 0;
			knownRegions = (
				en,
				Base,
			);
			mainGroup = 89D9B08D25189BB70027FBF1;
			productRefGroup = 89D9B09725189BB70027FBF1 /* Products */;
			projectDirPath = "";
			projectRoot = "";
			targets = (
				89D9B09525189BB70027FBF1 /* The Linguist Hub - Video Interpreting */,
			);
		};
/* End PBXProject section */

/* Begin PBXResourcesBuildPhase section */
		89D9B09425189BB70027FBF1 /* Resources */ = {
			isa = PBXResourcesBuildPhase;
			buildActionMask = 2147483647;
			files = (
				893647D32541712700CD9CE3 /* MSGOutgoingImageCollectionViewCell.xib in Resources */,
				893647D82541712700CD9CE3 /* MSGOutgoingTravCollectionViewCell.xib in Resources */,
				893647C72541712700CD9CE3 /* MSGImessageIncomingFooterView.xib in Resources */,
				893647C02541712700CD9CE3 /* MSGTravIncomingCollectionViewSectionHeader.xib in Resources */,
				89D9B0A625189BBC0027FBF1 /* LaunchScreen.storyboard in Resources */,
				893647D62541712700CD9CE3 /* MSGIncomingTravCollectionViewCell.xib in Resources */,
				893647CB2541712700CD9CE3 /* MSGImessageOutgoingFooterView.xib in Resources */,
				893647C22541712700CD9CE3 /* MSGTravIncomingCollectionViewSectionFooter.xib in Resources */,
				893647AE2541712600CD9CE3 /* MSGMessengerView.xib in Resources */,
				893647DA2541712700CD9CE3 /* MSGIncomingTailCollectionViewCell.xib in Resources */,
				893647DB2541712700CD9CE3 /* MSGOutgoingTailCollectionViewCell.xib in Resources */,
				893647D22541712700CD9CE3 /* MSGIncomingImageCollectionViewCell.xib in Resources */,
				893647CA2541712700CD9CE3 /* MSGImessageIncomingHeaderView.xib in Resources */,
				89D9B0A325189BBC0027FBF1 /* Assets.xcassets in Resources */,
				893647BB2541712700CD9CE3 /* MSGImessageInputView.xib in Resources */,
				893647C52541712700CD9CE3 /* MSGTravOutgoingCollectionViewSectionHeader.xib in Resources */,
				893647C42541712700CD9CE3 /* MSGTravOutgoingCollectionViewSectionFooter.xib in Resources */,
				893647C92541712700CD9CE3 /* MSGImessageOutgoingHeaderView.xib in Resources */,
				893647A92541712600CD9CE3 /* Assets.xcassets in Resources */,
				893647D02541712700CD9CE3 /* MSGIncomingEmojiCollectionViewCell.xib in Resources */,
				893647CF2541712700CD9CE3 /* MSGOutgoingEmojiCollectionViewCell.xib in Resources */,
				89D9B0A125189BB70027FBF1 /* Main.storyboard in Resources */,
			);
			runOnlyForDeploymentPostprocessing = 0;
		};
/* End PBXResourcesBuildPhase section */

/* Begin PBXShellScriptBuildPhase section */
		A3E4C82BB8EA3E47E29D63EF /* [CP] Check Pods Manifest.lock */ = {
			isa = PBXShellScriptBuildPhase;
			buildActionMask = 2147483647;
			files = (
			);
			inputFileListPaths = (
			);
			inputPaths = (
				"${PODS_PODFILE_DIR_PATH}/Podfile.lock",
				"${PODS_ROOT}/Manifest.lock",
			);
			name = "[CP] Check Pods Manifest.lock";
			outputFileListPaths = (
			);
			outputPaths = (
				"$(DERIVED_FILE_DIR)/Pods-The Linguist Hub - Video Interpreting-checkManifestLockResult.txt",
			);
			runOnlyForDeploymentPostprocessing = 0;
			shellPath = /bin/sh;
			shellScript = "diff \"${PODS_PODFILE_DIR_PATH}/Podfile.lock\" \"${PODS_ROOT}/Manifest.lock\" > /dev/null\nif [ $? != 0 ] ; then\n    # print error to STDERR\n    echo \"error: The sandbox is not in sync with the Podfile.lock. Run 'pod install' or update your CocoaPods installation.\" >&2\n    exit 1\nfi\n# This output is used by Xcode 'outputs' to avoid re-running this script phase.\necho \"SUCCESS\" > \"${SCRIPT_OUTPUT_FILE_0}\"\n";
			showEnvVarsInLog = 0;
		};
		DBDDABFBE49824E62966D91F /* [CP] Embed Pods Frameworks */ = {
			isa = PBXShellScriptBuildPhase;
			buildActionMask = 2147483647;
			files = (
			);
			inputFileListPaths = (
				"${PODS_ROOT}/Target Support Files/Pods-The Linguist Hub - Video Interpreting/Pods-The Linguist Hub - Video Interpreting-frameworks-${CONFIGURATION}-input-files.xcfilelist",
			);
			name = "[CP] Embed Pods Frameworks";
			outputFileListPaths = (
				"${PODS_ROOT}/Target Support Files/Pods-The Linguist Hub - Video Interpreting/Pods-The Linguist Hub - Video Interpreting-frameworks-${CONFIGURATION}-output-files.xcfilelist",
			);
			runOnlyForDeploymentPostprocessing = 0;
			shellPath = /bin/sh;
			shellScript = "\"${PODS_ROOT}/Target Support Files/Pods-The Linguist Hub - Video Interpreting/Pods-The Linguist Hub - Video Interpreting-frameworks.sh\"\n";
			showEnvVarsInLog = 0;
		};
/* End PBXShellScriptBuildPhase section */

/* Begin PBXSourcesBuildPhase section */
		89D9B09225189BB70027FBF1 /* Sources */ = {
			isa = PBXSourcesBuildPhase;
			buildActionMask = 2147483647;
			files = (
				89CEC9C8253462A10063200D /* Modals.swift in Sources */,
				893647B32541712700CD9CE3 /* MSGTailOutgoingBubble.swift in Sources */,
				893647D92541712700CD9CE3 /* MSGTailCollectionViewCell.swift in Sources */,
				89D9B0B42518A4190027FBF1 /* PaddingLabel.swift in Sources */,
				893647FF254172C200CD9CE3 /* Emoji.swift in Sources */,
				893647DE2541712700CD9CE3 /* MSGImessageTravCollectionViewFlowLayout.swift in Sources */,
				893647E22541712700CD9CE3 /* MSGIMessageStyle.swift in Sources */,
				89D9B09A25189BB70027FBF1 /* AppDelegate.swift in Sources */,
				893647DC2541712700CD9CE3 /* MSGTravCollectionView.swift in Sources */,
				891B15E3256BDEFC00889A60 /* MeetingViewController.swift in Sources */,
				893647AC2541712600CD9CE3 /* MSGMessengerViewController + CellDelegate.swift in Sources */,
				893647BC2541712700CD9CE3 /* MSGImessageInputView.swift in Sources */,
				893647B02541712600CD9CE3 /* MSGTravOutgoingBubble.swift in Sources */,
				891B1271253870B8001CBE68 /* ParticipantsCollectionViewCell.swift in Sources */,
				893647BF2541712700CD9CE3 /* MSGSectionReusableViewDelegate.swift in Sources */,
				893647B62541712700CD9CE3 /* MSGMessage.swift in Sources */,
				893647AD2541712600CD9CE3 /* MSGMessengerViewController + DataSource.swift in Sources */,
				8949A67A256D3CCE000876A8 /* EndProcessRequest.swift in Sources */,
				893647B22541712600CD9CE3 /* MSGTailIncomingBubble.swift in Sources */,
				893647E32541712700CD9CE3 /* MSGTravamigosStyle.swift in Sources */,
				893647AB2541712600CD9CE3 /* MSGMessengerView.swift in Sources */,
				893647C82541712700CD9CE3 /* MSGImessageFooterView.swift in Sources */,
				89D1A74C2537041A00591E7E /* Utils.swift in Sources */,
				893647DD2541712700CD9CE3 /* MSGTravCollectionViewFlowLayout.swift in Sources */,
				893647B12541712600CD9CE3 /* MSGTravIncomingBubble.swift in Sources */,
				893647E72541712700CD9CE3 /* KeyboardFrameObserver.swift in Sources */,
				893647E62541712700CD9CE3 /* KeyboardLayoutGuide.swift in Sources */,
				893647AA2541712600CD9CE3 /* MSGMessengerViewController + Helpers.swift in Sources */,
				89DEFA572518E49500DD57AC /* MethodTypes.swift in Sources */,
				893647CD2541712700CD9CE3 /* MSGCollectionView.swift in Sources */,
				893647D52541712700CD9CE3 /* MSGMessageCell.swift in Sources */,
				893647B52541712700CD9CE3 /* MSGMessageBody.swift in Sources */,
				893647BD2541712700CD9CE3 /* MSGPlaceholderTextView.swift in Sources */,
				893647D42541712700CD9CE3 /* MSGMessageCellDelegate.swift in Sources */,
				89D9B0B62518A72A0027FBF1 /* StartMeetingViewController.swift in Sources */,
				893647BA2541712700CD9CE3 /* MSGImessageSendButton.swift in Sources */,
				893647B72541712700CD9CE3 /* MSGUser.swift in Sources */,
				89DEFA5F2518E51600DD57AC /* GetTokenResponse.swift in Sources */,
				89CEC9CC253463AC0063200D /* GetTokenRequest.swift in Sources */,
				8985AD7525405EC100753A8B /* MessageViewController.swift in Sources */,
				893647C12541712700CD9CE3 /* MSGTravCollectionViewSectionHeader.swift in Sources */,
				89DEFA652518E6CB00DD57AC /* ApiManager.swift in Sources */,
				89D9B09C25189BB70027FBF1 /* SceneDelegate.swift in Sources */,
				893647AF2541712600CD9CE3 /* MSGMessengerViewController.swift in Sources */,
				893647C32541712700CD9CE3 /* MSGTravCollectionViewSectionFooter.swift in Sources */,
				893647E42541712700CD9CE3 /* MSGMessengerStyle.swift in Sources */,
				893647BE2541712700CD9CE3 /* MSGInputView.swift in Sources */,
				893647D72541712700CD9CE3 /* MSGTravCollectionViewCell.swift in Sources */,
				893647E52541712700CD9CE3 /* KeyboardFrameObserversManager.swift in Sources */,
				893647F32541717E00CD9CE3 /* User.swift in Sources */,
				893647C62541712700CD9CE3 /* MSGSectionReusableView.swift in Sources */,
				893647E12541712700CD9CE3 /* MSGDelegate.swift in Sources */,
				893647CC2541712700CD9CE3 /* MSGImessageHeaderView.swift in Sources */,
				893647E02541712700CD9CE3 /* MSGDataSource.swift in Sources */,
				891B15E6256BDF8F00889A60 /* GeneralTableViewCell.swift in Sources */,
				893647B42541712700CD9CE3 /* MessengerKit.swift in Sources */,
				89DEFA5A2518E4A600DD57AC /* ApiResponse.swift in Sources */,
				8949A67D256D3D1B000876A8 /* EndProcessResponse.swift in Sources */,
				89DEFA4B2518E33600DD57AC /* ApiUrls.swift in Sources */,
				893647DF2541712700CD9CE3 /* MSGImessageCollectionView.swift in Sources */,
				89D9B0B82518A98A0027FBF1 /* SplashViewController.swift in Sources */,
				893647D12541712700CD9CE3 /* MSGImageCollectionViewCell.swift in Sources */,
				893647B82541712700CD9CE3 /* MSGInputSeparatorView.swift in Sources */,
				893647B92541712700CD9CE3 /* MSGTravInputView.swift in Sources */,
				893647CE2541712700CD9CE3 /* MSGEmojiCollectionViewCell.swift in Sources */,
			);
			runOnlyForDeploymentPostprocessing = 0;
		};
/* End PBXSourcesBuildPhase section */

/* Begin PBXVariantGroup section */
		89D9B09F25189BB70027FBF1 /* Main.storyboard */ = {
			isa = PBXVariantGroup;
			children = (
				89D9B0A025189BB70027FBF1 /* Base */,
			);
			name = Main.storyboard;
			sourceTree = "<group>";
		};
		89D9B0A425189BBC0027FBF1 /* LaunchScreen.storyboard */ = {
			isa = PBXVariantGroup;
			children = (
				89D9B0A525189BBC0027FBF1 /* Base */,
			);
			name = LaunchScreen.storyboard;
			sourceTree = "<group>";
		};
/* End PBXVariantGroup section */

/* Begin XCBuildConfiguration section */
		89D9B0A825189BBC0027FBF1 /* Debug */ = {
			isa = XCBuildConfiguration;
			buildSettings = {
				ALWAYS_SEARCH_USER_PATHS = NO;
				CLANG_ANALYZER_NONNULL = YES;
				CLANG_ANALYZER_NUMBER_OBJECT_CONVERSION = YES_AGGRESSIVE;
				CLANG_CXX_LANGUAGE_STANDARD = "gnu++14";
				CLANG_CXX_LIBRARY = "libc++";
				CLANG_ENABLE_MODULES = YES;
				CLANG_ENABLE_OBJC_ARC = YES;
				CLANG_ENABLE_OBJC_WEAK = YES;
				CLANG_WARN_BLOCK_CAPTURE_AUTORELEASING = YES;
				CLANG_WARN_BOOL_CONVERSION = YES;
				CLANG_WARN_COMMA = YES;
				CLANG_WARN_CONSTANT_CONVERSION = YES;
				CLANG_WARN_DEPRECATED_OBJC_IMPLEMENTATIONS = YES;
				CLANG_WARN_DIRECT_OBJC_ISA_USAGE = YES_ERROR;
				CLANG_WARN_DOCUMENTATION_COMMENTS = YES;
				CLANG_WARN_EMPTY_BODY = YES;
				CLANG_WARN_ENUM_CONVERSION = YES;
				CLANG_WARN_INFINITE_RECURSION = YES;
				CLANG_WARN_INT_CONVERSION = YES;
				CLANG_WARN_NON_LITERAL_NULL_CONVERSION = YES;
				CLANG_WARN_OBJC_IMPLICIT_RETAIN_SELF = YES;
				CLANG_WARN_OBJC_LITERAL_CONVERSION = YES;
				CLANG_WARN_OBJC_ROOT_CLASS = YES_ERROR;
				CLANG_WARN_RANGE_LOOP_ANALYSIS = YES;
				CLANG_WARN_STRICT_PROTOTYPES = YES;
				CLANG_WARN_SUSPICIOUS_MOVE = YES;
				CLANG_WARN_UNGUARDED_AVAILABILITY = YES_AGGRESSIVE;
				CLANG_WARN_UNREACHABLE_CODE = YES;
				CLANG_WARN__DUPLICATE_METHOD_MATCH = YES;
				COPY_PHASE_STRIP = NO;
				DEBUG_INFORMATION_FORMAT = dwarf;
				ENABLE_STRICT_OBJC_MSGSEND = YES;
				ENABLE_TESTABILITY = YES;
				GCC_C_LANGUAGE_STANDARD = gnu11;
				GCC_DYNAMIC_NO_PIC = NO;
				GCC_NO_COMMON_BLOCKS = YES;
				GCC_OPTIMIZATION_LEVEL = 0;
				GCC_PREPROCESSOR_DEFINITIONS = (
					"DEBUG=1",
					"$(inherited)",
				);
				GCC_WARN_64_TO_32_BIT_CONVERSION = YES;
				GCC_WARN_ABOUT_RETURN_TYPE = YES_ERROR;
				GCC_WARN_UNDECLARED_SELECTOR = YES;
				GCC_WARN_UNINITIALIZED_AUTOS = YES_AGGRESSIVE;
				GCC_WARN_UNUSED_FUNCTION = YES;
				GCC_WARN_UNUSED_VARIABLE = YES;
				IPHONEOS_DEPLOYMENT_TARGET = 13.7;
				MTL_ENABLE_DEBUG_INFO = INCLUDE_SOURCE;
				MTL_FAST_MATH = YES;
				ONLY_ACTIVE_ARCH = YES;
				SDKROOT = iphoneos;
				SWIFT_ACTIVE_COMPILATION_CONDITIONS = DEBUG;
				SWIFT_OPTIMIZATION_LEVEL = "-Onone";
			};
			name = Debug;
		};
		89D9B0A925189BBC0027FBF1 /* Release */ = {
			isa = XCBuildConfiguration;
			buildSettings = {
				ALWAYS_SEARCH_USER_PATHS = NO;
				CLANG_ANALYZER_NONNULL = YES;
				CLANG_ANALYZER_NUMBER_OBJECT_CONVERSION = YES_AGGRESSIVE;
				CLANG_CXX_LANGUAGE_STANDARD = "gnu++14";
				CLANG_CXX_LIBRARY = "libc++";
				CLANG_ENABLE_MODULES = YES;
				CLANG_ENABLE_OBJC_ARC = YES;
				CLANG_ENABLE_OBJC_WEAK = YES;
				CLANG_WARN_BLOCK_CAPTURE_AUTORELEASING = YES;
				CLANG_WARN_BOOL_CONVERSION = YES;
				CLANG_WARN_COMMA = YES;
				CLANG_WARN_CONSTANT_CONVERSION = YES;
				CLANG_WARN_DEPRECATED_OBJC_IMPLEMENTATIONS = YES;
				CLANG_WARN_DIRECT_OBJC_ISA_USAGE = YES_ERROR;
				CLANG_WARN_DOCUMENTATION_COMMENTS = YES;
				CLANG_WARN_EMPTY_BODY = YES;
				CLANG_WARN_ENUM_CONVERSION = YES;
				CLANG_WARN_INFINITE_RECURSION = YES;
				CLANG_WARN_INT_CONVERSION = YES;
				CLANG_WARN_NON_LITERAL_NULL_CONVERSION = YES;
				CLANG_WARN_OBJC_IMPLICIT_RETAIN_SELF = YES;
				CLANG_WARN_OBJC_LITERAL_CONVERSION = YES;
				CLANG_WARN_OBJC_ROOT_CLASS = YES_ERROR;
				CLANG_WARN_RANGE_LOOP_ANALYSIS = YES;
				CLANG_WARN_STRICT_PROTOTYPES = YES;
				CLANG_WARN_SUSPICIOUS_MOVE = YES;
				CLANG_WARN_UNGUARDED_AVAILABILITY = YES_AGGRESSIVE;
				CLANG_WARN_UNREACHABLE_CODE = YES;
				CLANG_WARN__DUPLICATE_METHOD_MATCH = YES;
				COPY_PHASE_STRIP = NO;
				DEBUG_INFORMATION_FORMAT = "dwarf-with-dsym";
				ENABLE_NS_ASSERTIONS = NO;
				ENABLE_STRICT_OBJC_MSGSEND = YES;
				GCC_C_LANGUAGE_STANDARD = gnu11;
				GCC_NO_COMMON_BLOCKS = YES;
				GCC_WARN_64_TO_32_BIT_CONVERSION = YES;
				GCC_WARN_ABOUT_RETURN_TYPE = YES_ERROR;
				GCC_WARN_UNDECLARED_SELECTOR = YES;
				GCC_WARN_UNINITIALIZED_AUTOS = YES_AGGRESSIVE;
				GCC_WARN_UNUSED_FUNCTION = YES;
				GCC_WARN_UNUSED_VARIABLE = YES;
				IPHONEOS_DEPLOYMENT_TARGET = 13.7;
				MTL_ENABLE_DEBUG_INFO = NO;
				MTL_FAST_MATH = YES;
				SDKROOT = iphoneos;
				SWIFT_COMPILATION_MODE = wholemodule;
				SWIFT_OPTIMIZATION_LEVEL = "-O";
				VALIDATE_PRODUCT = YES;
			};
			name = Release;
		};
		89D9B0AB25189BBC0027FBF1 /* Debug */ = {
			isa = XCBuildConfiguration;
			baseConfigurationReference = 399250036782DE62C4F49ABB /* Pods-The Linguist Hub - Video Interpreting.debug.xcconfig */;
			buildSettings = {
				ASSETCATALOG_COMPILER_APPICON_NAME = AppIcon;
				CODE_SIGN_ENTITLEMENTS = "The Linguist Hub - Video Interpreting/The Linguist Hub - Video Interpreting.entitlements";
				CODE_SIGN_STYLE = Automatic;
				DEVELOPMENT_TEAM = 4FE68WFKSE;
				INFOPLIST_FILE = "The Linguist Hub - Video Interpreting/Supporting Files/Info.plist";
				LD_RUNPATH_SEARCH_PATHS = (
					"$(inherited)",
					"@executable_path/Frameworks",
				);
				PRODUCT_BUNDLE_IDENTIFIER = "com.empire-groupuk.video-interpreting";
				PRODUCT_NAME = "$(TARGET_NAME)";
				SWIFT_VERSION = 5.0;
				TARGETED_DEVICE_FAMILY = 1;
			};
			name = Debug;
		};
		89D9B0AC25189BBC0027FBF1 /* Release */ = {
			isa = XCBuildConfiguration;
			baseConfigurationReference = DED37525B4D1E77FB4CD21B7 /* Pods-The Linguist Hub - Video Interpreting.release.xcconfig */;
			buildSettings = {
				ASSETCATALOG_COMPILER_APPICON_NAME = AppIcon;
				CODE_SIGN_ENTITLEMENTS = "The Linguist Hub - Video Interpreting/The Linguist Hub - Video Interpreting.entitlements";
				CODE_SIGN_STYLE = Automatic;
				DEVELOPMENT_TEAM = 4FE68WFKSE;
				INFOPLIST_FILE = "The Linguist Hub - Video Interpreting/Supporting Files/Info.plist";
				LD_RUNPATH_SEARCH_PATHS = (
					"$(inherited)",
					"@executable_path/Frameworks",
				);
				PRODUCT_BUNDLE_IDENTIFIER = "com.empire-groupuk.video-interpreting";
				PRODUCT_NAME = "$(TARGET_NAME)";
				SWIFT_VERSION = 5.0;
				TARGETED_DEVICE_FAMILY = 1;
			};
			name = Release;
		};
/* End XCBuildConfiguration section */

/* Begin XCConfigurationList section */
		89D9B09125189BB70027FBF1 /* Build configuration list for PBXProject "The Linguist Hub - Video Interpreting" */ = {
			isa = XCConfigurationList;
			buildConfigurations = (
				89D9B0A825189BBC0027FBF1 /* Debug */,
				89D9B0A925189BBC0027FBF1 /* Release */,
			);
			defaultConfigurationIsVisible = 0;
			defaultConfigurationName = Release;
		};
		89D9B0AA25189BBC0027FBF1 /* Build configuration list for PBXNativeTarget "The Linguist Hub - Video Interpreting" */ = {
			isa = XCConfigurationList;
			buildConfigurations = (
				89D9B0AB25189BBC0027FBF1 /* Debug */,
				89D9B0AC25189BBC0027FBF1 /* Release */,
			);
			defaultConfigurationIsVisible = 0;
			defaultConfigurationName = Release;
		};
/* End XCConfigurationList section */
	};
	rootObject = 89D9B08E25189BB70027FBF1 /* Project object */;
}
